
Microsoft Visual Studio Solution File, Format Version 12.00
# Visual Studio 2012
Project("{FAE04EC0-301F-11D3-BF4B-00C04F79EFBC}") = "Maius", "Maius\Maius.csproj", "{C056EF7E-81A4-4A05-8B17-5E3E57394366}"
EndProject
Project("{FAE04EC0-301F-11D3-BF4B-00C04F79EFBC}") = "Maius.iOS", "iOS\Maius.iOS.csproj", "{C6644EE1-80F7-4D33-9021-8AC8E97EB84B}"
EndProject
Project("{FAE04EC0-301F-11D3-BF4B-00C04F79EFBC}") = "Maius.Droid", "Droid\Maius.Droid.csproj", "{82B9A299-0A6E-4989-93A4-760B94199781}"
EndProject
Project("{FAE04EC0-301F-11D3-BF4B-00C04F79EFBC}") = "Maius.UITests", "UITests\Maius.UITests.csproj", "{DFE4D730-3786-4860-B05B-95073C815D1F}"
EndProject
Global
	GlobalSection(SolutionConfigurationPlatforms) = preSolution
		Debug|Any CPU = Debug|Any CPU
		Release|Any CPU = Release|Any CPU
		Debug|iPhoneSimulator = Debug|iPhoneSimulator
		Release|iPhone = Release|iPhone
		Release|iPhoneSimulator = Release|iPhoneSimulator
		Debug|iPhone = Debug|iPhone
	EndGlobalSection
	GlobalSection(ProjectConfigurationPlatforms) = postSolution
		{82B9A299-0A6E-4989-93A4-760B94199781}.Debug|Any CPU.ActiveCfg = Debug|Any CPU
		{82B9A299-0A6E-4989-93A4-760B94199781}.Debug|Any CPU.Build.0 = Debug|Any CPU
		{82B9A299-0A6E-4989-93A4-760B94199781}.Debug|iPhone.ActiveCfg = Debug|Any CPU
		{82B9A299-0A6E-4989-93A4-760B94199781}.Debug|iPhone.Build.0 = Debug|Any CPU
		{82B9A299-0A6E-4989-93A4-760B94199781}.Debug|iPhoneSimulator.ActiveCfg = Debug|Any CPU
		{82B9A299-0A6E-4989-93A4-760B94199781}.Debug|iPhoneSimulator.Build.0 = Debug|Any CPU
		{82B9A299-0A6E-4989-93A4-760B94199781}.Release|Any CPU.ActiveCfg = Release|Any CPU
		{82B9A299-0A6E-4989-93A4-760B94199781}.Release|Any CPU.Build.0 = Release|Any CPU
		{82B9A299-0A6E-4989-93A4-760B94199781}.Release|iPhone.ActiveCfg = Release|Any CPU
		{82B9A299-0A6E-4989-93A4-760B94199781}.Release|iPhone.Build.0 = Release|Any CPU
		{82B9A299-0A6E-4989-93A4-760B94199781}.Release|iPhoneSimulator.ActiveCfg = Release|Any CPU
		{82B9A299-0A6E-4989-93A4-760B94199781}.Release|iPhoneSimulator.Build.0 = Release|Any CPU
		{C056EF7E-81A4-4A05-8B17-5E3E57394366}.Debug|Any CPU.ActiveCfg = Debug|Any CPU
		{C056EF7E-81A4-4A05-8B17-5E3E57394366}.Debug|Any CPU.Build.0 = Debug|Any CPU
		{C056EF7E-81A4-4A05-8B17-5E3E57394366}.Debug|iPhone.ActiveCfg = Debug|Any CPU
		{C056EF7E-81A4-4A05-8B17-5E3E57394366}.Debug|iPhone.Build.0 = Debug|Any CPU
		{C056EF7E-81A4-4A05-8B17-5E3E57394366}.Debug|iPhoneSimulator.ActiveCfg = Debug|Any CPU
		{C056EF7E-81A4-4A05-8B17-5E3E57394366}.Debug|iPhoneSimulator.Build.0 = Debug|Any CPU
		{C056EF7E-81A4-4A05-8B17-5E3E57394366}.Release|Any CPU.ActiveCfg = Release|Any CPU
		{C056EF7E-81A4-4A05-8B17-5E3E57394366}.Release|Any CPU.Build.0 = Release|Any CPU
		{C056EF7E-81A4-4A05-8B17-5E3E57394366}.Release|iPhone.ActiveCfg = Release|Any CPU
		{C056EF7E-81A4-4A05-8B17-5E3E57394366}.Release|iPhone.Build.0 = Release|Any CPU
		{C056EF7E-81A4-4A05-8B17-5E3E57394366}.Release|iPhoneSimulator.ActiveCfg = Release|Any CPU
		{C056EF7E-81A4-4A05-8B17-5E3E57394366}.Release|iPhoneSimulator.Build.0 = Release|Any CPU
		{C6644EE1-80F7-4D33-9021-8AC8E97EB84B}.Debug|Any CPU.ActiveCfg = Debug|iPhoneSimulator
		{C6644EE1-80F7-4D33-9021-8AC8E97EB84B}.Debug|Any CPU.Build.0 = Debug|iPhoneSimulator
		{C6644EE1-80F7-4D33-9021-8AC8E97EB84B}.Debug|iPhone.ActiveCfg = Debug|iPhone
		{C6644EE1-80F7-4D33-9021-8AC8E97EB84B}.Debug|iPhone.Build.0 = Debug|iPhone
		{C6644EE1-80F7-4D33-9021-8AC8E97EB84B}.Debug|iPhoneSimulator.ActiveCfg = Debug|iPhoneSimulator
		{C6644EE1-80F7-4D33-9021-8AC8E97EB84B}.Debug|iPhoneSimulator.Build.0 = Debug|iPhoneSimulator
		{C6644EE1-80F7-4D33-9021-8AC8E97EB84B}.Release|Any CPU.ActiveCfg = Release|iPhone
		{C6644EE1-80F7-4D33-9021-8AC8E97EB84B}.Release|Any CPU.Build.0 = Release|iPhone
		{C6644EE1-80F7-4D33-9021-8AC8E97EB84B}.Release|iPhone.ActiveCfg = Release|iPhone
		{C6644EE1-80F7-4D33-9021-8AC8E97EB84B}.Release|iPhone.Build.0 = Release|iPhone
		{C6644EE1-80F7-4D33-9021-8AC8E97EB84B}.Release|iPhoneSimulator.ActiveCfg = Release|iPhoneSimulator
		{C6644EE1-80F7-4D33-9021-8AC8E97EB84B}.Release|iPhoneSimulator.Build.0 = Release|iPhoneSimulator
		{DFE4D730-3786-4860-B05B-95073C815D1F}.Debug|Any CPU.ActiveCfg = Debug|Any CPU
		{DFE4D730-3786-4860-B05B-95073C815D1F}.Debug|Any CPU.Build.0 = Debug|Any CPU
		{DFE4D730-3786-4860-B05B-95073C815D1F}.Debug|iPhone.ActiveCfg = Debug|Any CPU
		{DFE4D730-3786-4860-B05B-95073C815D1F}.Debug|iPhone.Build.0 = Debug|Any CPU
		{DFE4D730-3786-4860-B05B-95073C815D1F}.Debug|iPhoneSimulator.ActiveCfg = Debug|Any CPU
		{DFE4D730-3786-4860-B05B-95073C815D1F}.Debug|iPhoneSimulator.Build.0 = Debug|Any CPU
		{DFE4D730-3786-4860-B05B-95073C815D1F}.Release|Any CPU.ActiveCfg = Release|Any CPU
		{DFE4D730-3786-4860-B05B-95073C815D1F}.Release|Any CPU.Build.0 = Release|Any CPU
		{DFE4D730-3786-4860-B05B-95073C815D1F}.Release|iPhone.ActiveCfg = Release|Any CPU
		{DFE4D730-3786-4860-B05B-95073C815D1F}.Release|iPhone.Build.0 = Release|Any CPU
		{DFE4D730-3786-4860-B05B-95073C815D1F}.Release|iPhoneSimulator.ActiveCfg = Release|Any CPU
		{DFE4D730-3786-4860-B05B-95073C815D1F}.Release|iPhoneSimulator.Build.0 = Release|Any CPU
	EndGlobalSection
EndGlobal
